
Microsoft Visual Studio Solution File, Format Version 12.00
# Visual Studio 2013
VisualStudioVersion = 12.0.21005.1
MinimumVisualStudioVersion = 10.0.40219.1
Project("{FAE04EC0-301F-11D3-BF4B-00C04F79EFBC}") = "WebApplication1", "WebApplication1\WebApplication1.csproj", "{90A0C33E-1AE0-4DE7-85CE-C7A11B1511A2}"
EndProject
Project("{FAE04EC0-301F-11D3-BF4B-00C04F79EFBC}") = "WebApplication1.Tests", "WebApplication1.Tests\WebApplication1.Tests.csproj", "{B84B6BBD-9B94-4A35-98B0-3ECB77E1AC45}"
EndProject
Project("{FAE04EC0-301F-11D3-BF4B-00C04F79EFBC}") = "Timeclock.Test", "Timeclock.Test\Timeclock.Test.csproj", "{F8F9C861-1AB6-4D17-9CD8-E990AEBE84D8}"
EndProject
Project("{FAE04EC0-301F-11D3-BF4B-00C04F79EFBC}") = "TimeClock.Data", "Time\TimeClock.Data.csproj", "{9FF1258A-EF19-4CC5-B9BB-F47CBA1D4F0D}"
EndProject
Global
	GlobalSection(SolutionConfigurationPlatforms) = preSolution
		Debug|Any CPU = Debug|Any CPU
		Release|Any CPU = Release|Any CPU
	EndGlobalSection
	GlobalSection(ProjectConfigurationPlatforms) = postSolution
		{90A0C33E-1AE0-4DE7-85CE-C7A11B1511A2}.Debug|Any CPU.ActiveCfg = Debug|Any CPU
		{90A0C33E-1AE0-4DE7-85CE-C7A11B1511A2}.Debug|Any CPU.Build.0 = Debug|Any CPU
		{90A0C33E-1AE0-4DE7-85CE-C7A11B1511A2}.Release|Any CPU.ActiveCfg = Release|Any CPU
		{90A0C33E-1AE0-4DE7-85CE-C7A11B1511A2}.Release|Any CPU.Build.0 = Release|Any CPU
		{B84B6BBD-9B94-4A35-98B0-3ECB77E1AC45}.Debug|Any CPU.ActiveCfg = Debug|Any CPU
		{B84B6BBD-9B94-4A35-98B0-3ECB77E1AC45}.Debug|Any CPU.Build.0 = Debug|Any CPU
		{B84B6BBD-9B94-4A35-98B0-3ECB77E1AC45}.Release|Any CPU.ActiveCfg = Release|Any CPU
		{B84B6BBD-9B94-4A35-98B0-3ECB77E1AC45}.Release|Any CPU.Build.0 = Release|Any CPU
		{F8F9C861-1AB6-4D17-9CD8-E990AEBE84D8}.Debug|Any CPU.ActiveCfg = Debug|Any CPU
		{F8F9C861-1AB6-4D17-9CD8-E990AEBE84D8}.Debug|Any CPU.Build.0 = Debug|Any CPU
		{F8F9C861-1AB6-4D17-9CD8-E990AEBE84D8}.Release|Any CPU.ActiveCfg = Release|Any CPU
		{F8F9C861-1AB6-4D17-9CD8-E990AEBE84D8}.Release|Any CPU.Build.0 = Release|Any CPU
		{9FF1258A-EF19-4CC5-B9BB-F47CBA1D4F0D}.Debug|Any CPU.ActiveCfg = Debug|Any CPU
		{9FF1258A-EF19-4CC5-B9BB-F47CBA1D4F0D}.Debug|Any CPU.Build.0 = Debug|Any CPU
		{9FF1258A-EF19-4CC5-B9BB-F47CBA1D4F0D}.Release|Any CPU.ActiveCfg = Release|Any CPU
		{9FF1258A-EF19-4CC5-B9BB-F47CBA1D4F0D}.Release|Any CPU.Build.0 = Release|Any CPU
	EndGlobalSection
	GlobalSection(SolutionProperties) = preSolution
		HideSolutionNode = FALSE
	EndGlobalSection
EndGlobal
